// !$*UTF8*$!
{
	archiveVersion = 1;
	classes = {
	};
	objectVersion = 46;
	objects = {

/* Begin PBXBuildFile section */
		26ECD8AB195B3EA200DBB3C5 /* MMRecordDebugger.m in Sources */ = {isa = PBXBuildFile; fileRef = 26ECD8AA195B3EA200DBB3C5 /* MMRecordDebugger.m */; };
		5509C0ED16FE8E6600310806 /* MMInstagramManager.m in Sources */ = {isa = PBXBuildFile; fileRef = 5509C0EC16FE8E6600310806 /* MMInstagramManager.m */; };
		5509C0F016FE902C00310806 /* MediaCell.m in Sources */ = {isa = PBXBuildFile; fileRef = 5509C0EF16FE902C00310806 /* MediaCell.m */; };
		5509C0F216FE903F00310806 /* MediaCell.xib in Resources */ = {isa = PBXBuildFile; fileRef = 5509C0F116FE903F00310806 /* MediaCell.xib */; };
		5509C0F716FE911300310806 /* Media+DataAccess.m in Sources */ = {isa = PBXBuildFile; fileRef = 5509C0F616FE911300310806 /* Media+DataAccess.m */; };
		5509C0FA16FE995B00310806 /* MMSearchManager.m in Sources */ = {isa = PBXBuildFile; fileRef = 5509C0F916FE995B00310806 /* MMSearchManager.m */; };
		5509C0FD16FE9A8800310806 /* MMInstagramPageManager.m in Sources */ = {isa = PBXBuildFile; fileRef = 5509C0FC16FE9A8700310806 /* MMInstagramPageManager.m */; };
		5509C10016FE9F4100310806 /* Tag.m in Sources */ = {isa = PBXBuildFile; fileRef = 5509C0FF16FE9F4100310806 /* Tag.m */; };
		5528734316FD6351006AFD47 /* MMRecordDynamicMarshaler.m in Sources */ = {isa = PBXBuildFile; fileRef = 5528734016FD6351006AFD47 /* MMRecordDynamicMarshaler.m */; };
		5528734416FD6351006AFD47 /* MMRecordDynamicRepresentation.m in Sources */ = {isa = PBXBuildFile; fileRef = 5528734216FD6351006AFD47 /* MMRecordDynamicRepresentation.m */; };
		5528734616FD6371006AFD47 /* Default-568h@2x.png in Resources */ = {isa = PBXBuildFile; fileRef = 5528734516FD6371006AFD47 /* Default-568h@2x.png */; };
		5528734816FD6391006AFD47 /* SystemConfiguration.framework in Frameworks */ = {isa = PBXBuildFile; fileRef = 5528734716FD6391006AFD47 /* SystemConfiguration.framework */; };
		5528734A16FD6395006AFD47 /* MobileCoreServices.framework in Frameworks */ = {isa = PBXBuildFile; fileRef = 5528734916FD6395006AFD47 /* MobileCoreServices.framework */; };
		55C898B117068B00004E3C50 /* Icon.png in Resources */ = {isa = PBXBuildFile; fileRef = 55C898B017068B00004E3C50 /* Icon.png */; };
		55C898B317068B06004E3C50 /* Icon@2x.png in Resources */ = {isa = PBXBuildFile; fileRef = 55C898B217068B05004E3C50 /* Icon@2x.png */; };
		55C898BF17068B2C004E3C50 /* Icon-72.png in Resources */ = {isa = PBXBuildFile; fileRef = 55C898B517068B2C004E3C50 /* Icon-72.png */; };
		55C898C017068B2C004E3C50 /* Icon-72@2x.png in Resources */ = {isa = PBXBuildFile; fileRef = 55C898B617068B2C004E3C50 /* Icon-72@2x.png */; };
		55C898C117068B2C004E3C50 /* Icon-Small-50.png in Resources */ = {isa = PBXBuildFile; fileRef = 55C898B717068B2C004E3C50 /* Icon-Small-50.png */; };
		55C898C217068B2C004E3C50 /* Icon-Small-50@2x.png in Resources */ = {isa = PBXBuildFile; fileRef = 55C898B817068B2C004E3C50 /* Icon-Small-50@2x.png */; };
		55C898C317068B2C004E3C50 /* Icon-Small.png in Resources */ = {isa = PBXBuildFile; fileRef = 55C898B917068B2C004E3C50 /* Icon-Small.png */; };
		55C898C417068B2C004E3C50 /* Icon-Small@2x.png in Resources */ = {isa = PBXBuildFile; fileRef = 55C898BA17068B2C004E3C50 /* Icon-Small@2x.png */; };
		55C898C717068B2C004E3C50 /* iTunesArtwork.png in Resources */ = {isa = PBXBuildFile; fileRef = 55C898BD17068B2C004E3C50 /* iTunesArtwork.png */; };
		55C898C817068B2C004E3C50 /* iTunesArtwork@2x.png in Resources */ = {isa = PBXBuildFile; fileRef = 55C898BE17068B2C004E3C50 /* iTunesArtwork@2x.png */; };
		9FABD8A516FA7DC700184BA5 /* UIKit.framework in Frameworks */ = {isa = PBXBuildFile; fileRef = 9FABD8A416FA7DC700184BA5 /* UIKit.framework */; };
		9FABD8A716FA7DC700184BA5 /* Foundation.framework in Frameworks */ = {isa = PBXBuildFile; fileRef = 9FABD8A616FA7DC700184BA5 /* Foundation.framework */; };
		9FABD8A916FA7DC700184BA5 /* CoreGraphics.framework in Frameworks */ = {isa = PBXBuildFile; fileRef = 9FABD8A816FA7DC700184BA5 /* CoreGraphics.framework */; };
		9FABD8F116FA7EA000184BA5 /* MMAppDelegate.m in Sources */ = {isa = PBXBuildFile; fileRef = 9FABD8EC16FA7EA000184BA5 /* MMAppDelegate.m */; };
		9FABD8F216FA7EA000184BA5 /* MMViewController.m in Sources */ = {isa = PBXBuildFile; fileRef = 9FABD8EE16FA7EA000184BA5 /* MMViewController.m */; };
		9FABD8F316FA7EA000184BA5 /* main.m in Sources */ = {isa = PBXBuildFile; fileRef = 9FABD8EF16FA7EA000184BA5 /* main.m */; };
		9FABD94E16FA801300184BA5 /* MMRecordInstagram.xcdatamodeld in Sources */ = {isa = PBXBuildFile; fileRef = 9FABD94C16FA801300184BA5 /* MMRecordInstagram.xcdatamodeld */; };
		9FABD95016FA80C600184BA5 /* CoreData.framework in Frameworks */ = {isa = PBXBuildFile; fileRef = 9FABD94F16FA80C600184BA5 /* CoreData.framework */; };
		9FABD95C16FA852C00184BA5 /* User.m in Sources */ = {isa = PBXBuildFile; fileRef = 9FABD95816FA852C00184BA5 /* User.m */; };
		9FABD95D16FA852C00184BA5 /* Media.m in Sources */ = {isa = PBXBuildFile; fileRef = 9FABD95A16FA852C00184BA5 /* Media.m */; };
		9FABD96016FA85B200184BA5 /* MMInstagramRecord.m in Sources */ = {isa = PBXBuildFile; fileRef = 9FABD95F16FA85B100184BA5 /* MMInstagramRecord.m */; };
		9FABD97516FA926200184BA5 /* Media+MMRecord.m in Sources */ = {isa = PBXBuildFile; fileRef = 9FABD97416FA926200184BA5 /* Media+MMRecord.m */; };
		9FABD99216FA93EF00184BA5 /* MMRecord.m in Sources */ = {isa = PBXBuildFile; fileRef = 9FABD97916FA93EF00184BA5 /* MMRecord.m */; };
		9FABD99316FA93EF00184BA5 /* MMRecordCache.m in Sources */ = {isa = PBXBuildFile; fileRef = 9FABD97B16FA93EF00184BA5 /* MMRecordCache.m */; };
		9FABD99716FA93EF00184BA5 /* MMRecordMarshaler.m in Sources */ = {isa = PBXBuildFile; fileRef = 9FABD98416FA93EF00184BA5 /* MMRecordMarshaler.m */; };
		9FABD99916FA93EF00184BA5 /* MMRecordProtoRecord.m in Sources */ = {isa = PBXBuildFile; fileRef = 9FABD98916FA93EF00184BA5 /* MMRecordProtoRecord.m */; };
		9FABD99A16FA93EF00184BA5 /* MMRecordRepresentation.m in Sources */ = {isa = PBXBuildFile; fileRef = 9FABD98B16FA93EF00184BA5 /* MMRecordRepresentation.m */; };
		9FABD99B16FA93EF00184BA5 /* MMRecordResponse.m in Sources */ = {isa = PBXBuildFile; fileRef = 9FABD98D16FA93EF00184BA5 /* MMRecordResponse.m */; };
		9FABD99C16FA93EF00184BA5 /* MMServer.m in Sources */ = {isa = PBXBuildFile; fileRef = 9FABD98F16FA93EF00184BA5 /* MMServer.m */; };
		9FABD99D16FA93EF00184BA5 /* MMServerPageManager.m in Sources */ = {isa = PBXBuildFile; fileRef = 9FABD99116FA93EF00184BA5 /* MMServerPageManager.m */; };
		9FABD9B816FA966A00184BA5 /* AFHTTPClient.m in Sources */ = {isa = PBXBuildFile; fileRef = 9FABD9A116FA966A00184BA5 /* AFHTTPClient.m */; };
		9FABD9B916FA966A00184BA5 /* AFHTTPRequestOperation.m in Sources */ = {isa = PBXBuildFile; fileRef = 9FABD9A316FA966A00184BA5 /* AFHTTPRequestOperation.m */; };
		9FABD9BA16FA966A00184BA5 /* AFImageRequestOperation.m in Sources */ = {isa = PBXBuildFile; fileRef = 9FABD9A516FA966A00184BA5 /* AFImageRequestOperation.m */; };
		9FABD9BB16FA966A00184BA5 /* AFJSONRequestOperation.m in Sources */ = {isa = PBXBuildFile; fileRef = 9FABD9A716FA966A00184BA5 /* AFJSONRequestOperation.m */; };
		9FABD9BC16FA966A00184BA5 /* AFNetworkActivityIndicatorManager.m in Sources */ = {isa = PBXBuildFile; fileRef = 9FABD9A916FA966A00184BA5 /* AFNetworkActivityIndicatorManager.m */; };
		9FABD9BD16FA966A00184BA5 /* AFPropertyListRequestOperation.m in Sources */ = {isa = PBXBuildFile; fileRef = 9FABD9AC16FA966A00184BA5 /* AFPropertyListRequestOperation.m */; };
		9FABD9BE16FA966A00184BA5 /* AFURLConnectionOperation.m in Sources */ = {isa = PBXBuildFile; fileRef = 9FABD9AE16FA966A00184BA5 /* AFURLConnectionOperation.m */; };
		9FABD9BF16FA966A00184BA5 /* AFXMLRequestOperation.m in Sources */ = {isa = PBXBuildFile; fileRef = 9FABD9B016FA966A00184BA5 /* AFXMLRequestOperation.m */; };
		9FABD9C016FA966A00184BA5 /* UIImageView+AFNetworking.m in Sources */ = {isa = PBXBuildFile; fileRef = 9FABD9B216FA966A00184BA5 /* UIImageView+AFNetworking.m */; };
		9FABD9C216FA966A00184BA5 /* MMLiveServer.m in Sources */ = {isa = PBXBuildFile; fileRef = 9FABD9B716FA966A00184BA5 /* MMLiveServer.m */; };
		9FABD9CD16FA972A00184BA5 /* IGHTTPClient.m in Sources */ = {isa = PBXBuildFile; fileRef = 9FABD9C516FA972A00184BA5 /* IGHTTPClient.m */; };
/* End PBXBuildFile section */

/* Begin PBXContainerItemProxy section */
		9FABD8E316FA7DD900184BA5 /* PBXContainerItemProxy */ = {
			isa = PBXContainerItemProxy;
			containerPortal = 9FABD8DF16FA7DD900184BA5 /* MMRecord.xcodeproj */;
			proxyType = 2;
			remoteGlobalIDString = 9FABD86616FA7C9C00184BA5;
			remoteInfo = MMRecord;
		};
/* End PBXContainerItemProxy section */

/* Begin PBXFileReference section */
		26ECD8A9195B3EA200DBB3C5 /* MMRecordDebugger.h */ = {isa = PBXFileReference; fileEncoding = 4; lastKnownFileType = sourcecode.c.h; path = MMRecordDebugger.h; sourceTree = "<group>"; };
		26ECD8AA195B3EA200DBB3C5 /* MMRecordDebugger.m */ = {isa = PBXFileReference; fileEncoding = 4; lastKnownFileType = sourcecode.c.objc; path = MMRecordDebugger.m; sourceTree = "<group>"; };
		5509C0EB16FE8E6600310806 /* MMInstagramManager.h */ = {isa = PBXFileReference; fileEncoding = 4; lastKnownFileType = sourcecode.c.h; path = MMInstagramManager.h; sourceTree = "<group>"; };
		5509C0EC16FE8E6600310806 /* MMInstagramManager.m */ = {isa = PBXFileReference; fileEncoding = 4; lastKnownFileType = sourcecode.c.objc; path = MMInstagramManager.m; sourceTree = "<group>"; };
		5509C0EE16FE902C00310806 /* MediaCell.h */ = {isa = PBXFileReference; fileEncoding = 4; lastKnownFileType = sourcecode.c.h; path = MediaCell.h; sourceTree = "<group>"; };
		5509C0EF16FE902C00310806 /* MediaCell.m */ = {isa = PBXFileReference; fileEncoding = 4; lastKnownFileType = sourcecode.c.objc; path = MediaCell.m; sourceTree = "<group>"; };
		5509C0F116FE903F00310806 /* MediaCell.xib */ = {isa = PBXFileReference; fileEncoding = 4; lastKnownFileType = file.xib; path = MediaCell.xib; sourceTree = "<group>"; };
		5509C0F516FE911300310806 /* Media+DataAccess.h */ = {isa = PBXFileReference; fileEncoding = 4; lastKnownFileType = sourcecode.c.h; path = "Media+DataAccess.h"; sourceTree = "<group>"; };
		5509C0F616FE911300310806 /* Media+DataAccess.m */ = {isa = PBXFileReference; fileEncoding = 4; lastKnownFileType = sourcecode.c.objc; path = "Media+DataAccess.m"; sourceTree = "<group>"; };
		5509C0F816FE995B00310806 /* MMSearchManager.h */ = {isa = PBXFileReference; fileEncoding = 4; lastKnownFileType = sourcecode.c.h; path = MMSearchManager.h; sourceTree = "<group>"; };
		5509C0F916FE995B00310806 /* MMSearchManager.m */ = {isa = PBXFileReference; fileEncoding = 4; lastKnownFileType = sourcecode.c.objc; path = MMSearchManager.m; sourceTree = "<group>"; };
		5509C0FB16FE9A8700310806 /* MMInstagramPageManager.h */ = {isa = PBXFileReference; fileEncoding = 4; lastKnownFileType = sourcecode.c.h; name = MMInstagramPageManager.h; path = ../MMInstagramPageManager.h; sourceTree = "<group>"; };
		5509C0FC16FE9A8700310806 /* MMInstagramPageManager.m */ = {isa = PBXFileReference; fileEncoding = 4; lastKnownFileType = sourcecode.c.objc; name = MMInstagramPageManager.m; path = ../MMInstagramPageManager.m; sourceTree = "<group>"; };
		5509C0FE16FE9F4000310806 /* Tag.h */ = {isa = PBXFileReference; fileEncoding = 4; lastKnownFileType = sourcecode.c.h; path = Tag.h; sourceTree = "<group>"; };
		5509C0FF16FE9F4100310806 /* Tag.m */ = {isa = PBXFileReference; fileEncoding = 4; lastKnownFileType = sourcecode.c.objc; path = Tag.m; sourceTree = "<group>"; };
		5528733F16FD6351006AFD47 /* MMRecordDynamicMarshaler.h */ = {isa = PBXFileReference; fileEncoding = 4; lastKnownFileType = sourcecode.c.h; path = MMRecordDynamicMarshaler.h; sourceTree = "<group>"; };
		5528734016FD6351006AFD47 /* MMRecordDynamicMarshaler.m */ = {isa = PBXFileReference; fileEncoding = 4; lastKnownFileType = sourcecode.c.objc; path = MMRecordDynamicMarshaler.m; sourceTree = "<group>"; };
		5528734116FD6351006AFD47 /* MMRecordDynamicRepresentation.h */ = {isa = PBXFileReference; fileEncoding = 4; lastKnownFileType = sourcecode.c.h; path = MMRecordDynamicRepresentation.h; sourceTree = "<group>"; };
		5528734216FD6351006AFD47 /* MMRecordDynamicRepresentation.m */ = {isa = PBXFileReference; fileEncoding = 4; lastKnownFileType = sourcecode.c.objc; path = MMRecordDynamicRepresentation.m; sourceTree = "<group>"; };
		5528734516FD6371006AFD47 /* Default-568h@2x.png */ = {isa = PBXFileReference; lastKnownFileType = image.png; name = "Default-568h@2x.png"; path = "../../Default-568h@2x.png"; sourceTree = "<group>"; };
		5528734716FD6391006AFD47 /* SystemConfiguration.framework */ = {isa = PBXFileReference; lastKnownFileType = wrapper.framework; name = SystemConfiguration.framework; path = System/Library/Frameworks/SystemConfiguration.framework; sourceTree = SDKROOT; };
		5528734916FD6395006AFD47 /* MobileCoreServices.framework */ = {isa = PBXFileReference; lastKnownFileType = wrapper.framework; name = MobileCoreServices.framework; path = System/Library/Frameworks/MobileCoreServices.framework; sourceTree = SDKROOT; };
		55C898B017068B00004E3C50 /* Icon.png */ = {isa = PBXFileReference; lastKnownFileType = image.png; name = Icon.png; path = ../../Icon.png; sourceTree = "<group>"; };
		55C898B217068B05004E3C50 /* Icon@2x.png */ = {isa = PBXFileReference; lastKnownFileType = image.png; name = "Icon@2x.png"; path = "../../Icon@2x.png"; sourceTree = "<group>"; };
		55C898B517068B2C004E3C50 /* Icon-72.png */ = {isa = PBXFileReference; lastKnownFileType = image.png; path = "Icon-72.png"; sourceTree = "<group>"; };
		55C898B617068B2C004E3C50 /* Icon-72@2x.png */ = {isa = PBXFileReference; lastKnownFileType = image.png; path = "Icon-72@2x.png"; sourceTree = "<group>"; };
		55C898B717068B2C004E3C50 /* Icon-Small-50.png */ = {isa = PBXFileReference; lastKnownFileType = image.png; path = "Icon-Small-50.png"; sourceTree = "<group>"; };
		55C898B817068B2C004E3C50 /* Icon-Small-50@2x.png */ = {isa = PBXFileReference; lastKnownFileType = image.png; path = "Icon-Small-50@2x.png"; sourceTree = "<group>"; };
		55C898B917068B2C004E3C50 /* Icon-Small.png */ = {isa = PBXFileReference; lastKnownFileType = image.png; path = "Icon-Small.png"; sourceTree = "<group>"; };
		55C898BA17068B2C004E3C50 /* Icon-Small@2x.png */ = {isa = PBXFileReference; lastKnownFileType = image.png; path = "Icon-Small@2x.png"; sourceTree = "<group>"; };
		55C898BD17068B2C004E3C50 /* iTunesArtwork.png */ = {isa = PBXFileReference; lastKnownFileType = image.png; path = iTunesArtwork.png; sourceTree = "<group>"; };
		55C898BE17068B2C004E3C50 /* iTunesArtwork@2x.png */ = {isa = PBXFileReference; lastKnownFileType = image.png; path = "iTunesArtwork@2x.png"; sourceTree = "<group>"; };
		9FABD8A116FA7DC700184BA5 /* MMRecordInstagram.app */ = {isa = PBXFileReference; explicitFileType = wrapper.application; includeInIndex = 0; path = MMRecordInstagram.app; sourceTree = BUILT_PRODUCTS_DIR; };
		9FABD8A416FA7DC700184BA5 /* UIKit.framework */ = {isa = PBXFileReference; lastKnownFileType = wrapper.framework; name = UIKit.framework; path = System/Library/Frameworks/UIKit.framework; sourceTree = SDKROOT; };
		9FABD8A616FA7DC700184BA5 /* Foundation.framework */ = {isa = PBXFileReference; lastKnownFileType = wrapper.framework; name = Foundation.framework; path = System/Library/Frameworks/Foundation.framework; sourceTree = SDKROOT; };
		9FABD8A816FA7DC700184BA5 /* CoreGraphics.framework */ = {isa = PBXFileReference; lastKnownFileType = wrapper.framework; name = CoreGraphics.framework; path = System/Library/Frameworks/CoreGraphics.framework; sourceTree = SDKROOT; };
		9FABD8C816FA7DC700184BA5 /* SenTestingKit.framework */ = {isa = PBXFileReference; lastKnownFileType = wrapper.framework; name = SenTestingKit.framework; path = Library/Frameworks/SenTestingKit.framework; sourceTree = DEVELOPER_DIR; };
		9FABD8DF16FA7DD900184BA5 /* MMRecord.xcodeproj */ = {isa = PBXFileReference; lastKnownFileType = "wrapper.pb-project"; name = MMRecord.xcodeproj; path = ../../MMRecord/MMRecord.xcodeproj; sourceTree = "<group>"; };
		9FABD8EB16FA7EA000184BA5 /* MMAppDelegate.h */ = {isa = PBXFileReference; fileEncoding = 4; lastKnownFileType = sourcecode.c.h; path = MMAppDelegate.h; sourceTree = "<group>"; };
		9FABD8EC16FA7EA000184BA5 /* MMAppDelegate.m */ = {isa = PBXFileReference; fileEncoding = 4; lastKnownFileType = sourcecode.c.objc; path = MMAppDelegate.m; sourceTree = "<group>"; };
		9FABD8ED16FA7EA000184BA5 /* MMViewController.h */ = {isa = PBXFileReference; fileEncoding = 4; lastKnownFileType = sourcecode.c.h; path = MMViewController.h; sourceTree = "<group>"; };
		9FABD8EE16FA7EA000184BA5 /* MMViewController.m */ = {isa = PBXFileReference; fileEncoding = 4; lastKnownFileType = sourcecode.c.objc; path = MMViewController.m; sourceTree = "<group>"; };
		9FABD8EF16FA7EA000184BA5 /* main.m */ = {isa = PBXFileReference; fileEncoding = 4; lastKnownFileType = sourcecode.c.objc; name = main.m; path = ../Source/main.m; sourceTree = "<group>"; };
		9FABD8F016FA7EA000184BA5 /* MMRecordInstagram-Prefix.pch */ = {isa = PBXFileReference; fileEncoding = 4; lastKnownFileType = sourcecode.c.h; name = "MMRecordInstagram-Prefix.pch"; path = "../Source/MMRecordInstagram-Prefix.pch"; sourceTree = "<group>"; };
		9FABD8F516FA7EEB00184BA5 /* MMRecordInstagram-Info.plist */ = {isa = PBXFileReference; fileEncoding = 4; lastKnownFileType = text.plist.xml; path = "MMRecordInstagram-Info.plist"; sourceTree = "<group>"; };
		9FABD94D16FA801300184BA5 /* MMRecordInstagram.xcdatamodel */ = {isa = PBXFileReference; lastKnownFileType = wrapper.xcdatamodel; path = MMRecordInstagram.xcdatamodel; sourceTree = "<group>"; };
		9FABD94F16FA80C600184BA5 /* CoreData.framework */ = {isa = PBXFileReference; lastKnownFileType = wrapper.framework; name = CoreData.framework; path = System/Library/Frameworks/CoreData.framework; sourceTree = SDKROOT; };
		9FABD95816FA852C00184BA5 /* User.m */ = {isa = PBXFileReference; fileEncoding = 4; lastKnownFileType = sourcecode.c.objc; path = User.m; sourceTree = "<group>"; };
		9FABD95916FA852C00184BA5 /* User.h */ = {isa = PBXFileReference; fileEncoding = 4; lastKnownFileType = sourcecode.c.h; path = User.h; sourceTree = "<group>"; };
		9FABD95A16FA852C00184BA5 /* Media.m */ = {isa = PBXFileReference; fileEncoding = 4; lastKnownFileType = sourcecode.c.objc; path = Media.m; sourceTree = "<group>"; };
		9FABD95B16FA852C00184BA5 /* Media.h */ = {isa = PBXFileReference; fileEncoding = 4; lastKnownFileType = sourcecode.c.h; path = Media.h; sourceTree = "<group>"; };
		9FABD95E16FA85B100184BA5 /* MMInstagramRecord.h */ = {isa = PBXFileReference; fileEncoding = 4; lastKnownFileType = sourcecode.c.h; path = MMInstagramRecord.h; sourceTree = "<group>"; };
		9FABD95F16FA85B100184BA5 /* MMInstagramRecord.m */ = {isa = PBXFileReference; fileEncoding = 4; lastKnownFileType = sourcecode.c.objc; path = MMInstagramRecord.m; sourceTree = "<group>"; };
		9FABD97316FA926200184BA5 /* Media+MMRecord.h */ = {isa = PBXFileReference; fileEncoding = 4; lastKnownFileType = sourcecode.c.h; path = "Media+MMRecord.h"; sourceTree = "<group>"; };
		9FABD97416FA926200184BA5 /* Media+MMRecord.m */ = {isa = PBXFileReference; fileEncoding = 4; lastKnownFileType = sourcecode.c.objc; path = "Media+MMRecord.m"; sourceTree = "<group>"; };
		9FABD97816FA93EF00184BA5 /* MMRecord.h */ = {isa = PBXFileReference; fileEncoding = 4; lastKnownFileType = sourcecode.c.h; path = MMRecord.h; sourceTree = "<group>"; };
		9FABD97916FA93EF00184BA5 /* MMRecord.m */ = {isa = PBXFileReference; fileEncoding = 4; lastKnownFileType = sourcecode.c.objc; path = MMRecord.m; sourceTree = "<group>"; };
		9FABD97A16FA93EF00184BA5 /* MMRecordCache.h */ = {isa = PBXFileReference; fileEncoding = 4; lastKnownFileType = sourcecode.c.h; path = MMRecordCache.h; sourceTree = "<group>"; };
		9FABD97B16FA93EF00184BA5 /* MMRecordCache.m */ = {isa = PBXFileReference; fileEncoding = 4; lastKnownFileType = sourcecode.c.objc; path = MMRecordCache.m; sourceTree = "<group>"; };
		9FABD98316FA93EF00184BA5 /* MMRecordMarshaler.h */ = {isa = PBXFileReference; fileEncoding = 4; lastKnownFileType = sourcecode.c.h; path = MMRecordMarshaler.h; sourceTree = "<group>"; };
		9FABD98416FA93EF00184BA5 /* MMRecordMarshaler.m */ = {isa = PBXFileReference; fileEncoding = 4; lastKnownFileType = sourcecode.c.objc; path = MMRecordMarshaler.m; sourceTree = "<group>"; };
		9FABD98816FA93EF00184BA5 /* MMRecordProtoRecord.h */ = {isa = PBXFileReference; fileEncoding = 4; lastKnownFileType = sourcecode.c.h; path = MMRecordProtoRecord.h; sourceTree = "<group>"; };
		9FABD98916FA93EF00184BA5 /* MMRecordProtoRecord.m */ = {isa = PBXFileReference; fileEncoding = 4; lastKnownFileType = sourcecode.c.objc; path = MMRecordProtoRecord.m; sourceTree = "<group>"; };
		9FABD98A16FA93EF00184BA5 /* MMRecordRepresentation.h */ = {isa = PBXFileReference; fileEncoding = 4; lastKnownFileType = sourcecode.c.h; path = MMRecordRepresentation.h; sourceTree = "<group>"; };
		9FABD98B16FA93EF00184BA5 /* MMRecordRepresentation.m */ = {isa = PBXFileReference; fileEncoding = 4; lastKnownFileType = sourcecode.c.objc; path = MMRecordRepresentation.m; sourceTree = "<group>"; };
		9FABD98C16FA93EF00184BA5 /* MMRecordResponse.h */ = {isa = PBXFileReference; fileEncoding = 4; lastKnownFileType = sourcecode.c.h; path = MMRecordResponse.h; sourceTree = "<group>"; };
		9FABD98D16FA93EF00184BA5 /* MMRecordResponse.m */ = {isa = PBXFileReference; fileEncoding = 4; lastKnownFileType = sourcecode.c.objc; path = MMRecordResponse.m; sourceTree = "<group>"; };
		9FABD98E16FA93EF00184BA5 /* MMServer.h */ = {isa = PBXFileReference; fileEncoding = 4; lastKnownFileType = sourcecode.c.h; path = MMServer.h; sourceTree = "<group>"; };
		9FABD98F16FA93EF00184BA5 /* MMServer.m */ = {isa = PBXFileReference; fileEncoding = 4; lastKnownFileType = sourcecode.c.objc; path = MMServer.m; sourceTree = "<group>"; };
		9FABD99016FA93EF00184BA5 /* MMServerPageManager.h */ = {isa = PBXFileReference; fileEncoding = 4; lastKnownFileType = sourcecode.c.h; path = MMServerPageManager.h; sourceTree = "<group>"; };
		9FABD99116FA93EF00184BA5 /* MMServerPageManager.m */ = {isa = PBXFileReference; fileEncoding = 4; lastKnownFileType = sourcecode.c.objc; path = MMServerPageManager.m; sourceTree = "<group>"; };
		9FABD9A016FA966A00184BA5 /* AFHTTPClient.h */ = {isa = PBXFileReference; fileEncoding = 4; lastKnownFileType = sourcecode.c.h; path = AFHTTPClient.h; sourceTree = "<group>"; };
		9FABD9A116FA966A00184BA5 /* AFHTTPClient.m */ = {isa = PBXFileReference; fileEncoding = 4; lastKnownFileType = sourcecode.c.objc; path = AFHTTPClient.m; sourceTree = "<group>"; };
		9FABD9A216FA966A00184BA5 /* AFHTTPRequestOperation.h */ = {isa = PBXFileReference; fileEncoding = 4; lastKnownFileType = sourcecode.c.h; path = AFHTTPRequestOperation.h; sourceTree = "<group>"; };
		9FABD9A316FA966A00184BA5 /* AFHTTPRequestOperation.m */ = {isa = PBXFileReference; fileEncoding = 4; lastKnownFileType = sourcecode.c.objc; path = AFHTTPRequestOperation.m; sourceTree = "<group>"; };
		9FABD9A416FA966A00184BA5 /* AFImageRequestOperation.h */ = {isa = PBXFileReference; fileEncoding = 4; lastKnownFileType = sourcecode.c.h; path = AFImageRequestOperation.h; sourceTree = "<group>"; };
		9FABD9A516FA966A00184BA5 /* AFImageRequestOperation.m */ = {isa = PBXFileReference; fileEncoding = 4; lastKnownFileType = sourcecode.c.objc; path = AFImageRequestOperation.m; sourceTree = "<group>"; };
		9FABD9A616FA966A00184BA5 /* AFJSONRequestOperation.h */ = {isa = PBXFileReference; fileEncoding = 4; lastKnownFileType = sourcecode.c.h; path = AFJSONRequestOperation.h; sourceTree = "<group>"; };
		9FABD9A716FA966A00184BA5 /* AFJSONRequestOperation.m */ = {isa = PBXFileReference; fileEncoding = 4; lastKnownFileType = sourcecode.c.objc; path = AFJSONRequestOperation.m; sourceTree = "<group>"; };
		9FABD9A816FA966A00184BA5 /* AFNetworkActivityIndicatorManager.h */ = {isa = PBXFileReference; fileEncoding = 4; lastKnownFileType = sourcecode.c.h; path = AFNetworkActivityIndicatorManager.h; sourceTree = "<group>"; };
		9FABD9A916FA966A00184BA5 /* AFNetworkActivityIndicatorManager.m */ = {isa = PBXFileReference; fileEncoding = 4; lastKnownFileType = sourcecode.c.objc; path = AFNetworkActivityIndicatorManager.m; sourceTree = "<group>"; };
		9FABD9AA16FA966A00184BA5 /* AFNetworking.h */ = {isa = PBXFileReference; fileEncoding = 4; lastKnownFileType = sourcecode.c.h; path = AFNetworking.h; sourceTree = "<group>"; };
		9FABD9AB16FA966A00184BA5 /* AFPropertyListRequestOperation.h */ = {isa = PBXFileReference; fileEncoding = 4; lastKnownFileType = sourcecode.c.h; path = AFPropertyListRequestOperation.h; sourceTree = "<group>"; };
		9FABD9AC16FA966A00184BA5 /* AFPropertyListRequestOperation.m */ = {isa = PBXFileReference; fileEncoding = 4; lastKnownFileType = sourcecode.c.objc; path = AFPropertyListRequestOperation.m; sourceTree = "<group>"; };
		9FABD9AD16FA966A00184BA5 /* AFURLConnectionOperation.h */ = {isa = PBXFileReference; fileEncoding = 4; lastKnownFileType = sourcecode.c.h; path = AFURLConnectionOperation.h; sourceTree = "<group>"; };
		9FABD9AE16FA966A00184BA5 /* AFURLConnectionOperation.m */ = {isa = PBXFileReference; fileEncoding = 4; lastKnownFileType = sourcecode.c.objc; path = AFURLConnectionOperation.m; sourceTree = "<group>"; };
		9FABD9AF16FA966A00184BA5 /* AFXMLRequestOperation.h */ = {isa = PBXFileReference; fileEncoding = 4; lastKnownFileType = sourcecode.c.h; path = AFXMLRequestOperation.h; sourceTree = "<group>"; };
		9FABD9B016FA966A00184BA5 /* AFXMLRequestOperation.m */ = {isa = PBXFileReference; fileEncoding = 4; lastKnownFileType = sourcecode.c.objc; path = AFXMLRequestOperation.m; sourceTree = "<group>"; };
		9FABD9B116FA966A00184BA5 /* UIImageView+AFNetworking.h */ = {isa = PBXFileReference; fileEncoding = 4; lastKnownFileType = sourcecode.c.h; path = "UIImageView+AFNetworking.h"; sourceTree = "<group>"; };
		9FABD9B216FA966A00184BA5 /* UIImageView+AFNetworking.m */ = {isa = PBXFileReference; fileEncoding = 4; lastKnownFileType = sourcecode.c.objc; path = "UIImageView+AFNetworking.m"; sourceTree = "<group>"; };
		9FABD9B616FA966A00184BA5 /* MMLiveServer.h */ = {isa = PBXFileReference; fileEncoding = 4; lastKnownFileType = sourcecode.c.h; name = MMLiveServer.h; path = ../MMLiveServer.h; sourceTree = "<group>"; };
		9FABD9B716FA966A00184BA5 /* MMLiveServer.m */ = {isa = PBXFileReference; fileEncoding = 4; lastKnownFileType = sourcecode.c.objc; name = MMLiveServer.m; path = ../MMLiveServer.m; sourceTree = "<group>"; };
		9FABD9C416FA972A00184BA5 /* IGHTTPClient.h */ = {isa = PBXFileReference; fileEncoding = 4; lastKnownFileType = sourcecode.c.h; path = IGHTTPClient.h; sourceTree = "<group>"; };
		9FABD9C516FA972A00184BA5 /* IGHTTPClient.m */ = {isa = PBXFileReference; fileEncoding = 4; lastKnownFileType = sourcecode.c.objc; path = IGHTTPClient.m; sourceTree = "<group>"; };
/* End PBXFileReference section */

/* Begin PBXFrameworksBuildPhase section */
		9FABD89E16FA7DC700184BA5 /* Frameworks */ = {
			isa = PBXFrameworksBuildPhase;
			buildActionMask = 2147483647;
			files = (
				5528734A16FD6395006AFD47 /* MobileCoreServices.framework in Frameworks */,
				5528734816FD6391006AFD47 /* SystemConfiguration.framework in Frameworks */,
				9FABD95016FA80C600184BA5 /* CoreData.framework in Frameworks */,
				9FABD8A516FA7DC700184BA5 /* UIKit.framework in Frameworks */,
				9FABD8A716FA7DC700184BA5 /* Foundation.framework in Frameworks */,
				9FABD8A916FA7DC700184BA5 /* CoreGraphics.framework in Frameworks */,
			);
			runOnlyForDeploymentPostprocessing = 0;
		};
/* End PBXFrameworksBuildPhase section */

/* Begin PBXGroup section */
		5509C0E916FE8E4200310806 /* Entities */ = {
			isa = PBXGroup;
			children = (
				5509C0FE16FE9F4000310806 /* Tag.h */,
				5509C0FF16FE9F4100310806 /* Tag.m */,
				9FABD95916FA852C00184BA5 /* User.h */,
				9FABD95816FA852C00184BA5 /* User.m */,
				9FABD95B16FA852C00184BA5 /* Media.h */,
				9FABD95A16FA852C00184BA5 /* Media.m */,
			);
			name = Entities;
			sourceTree = "<group>";
		};
		5509C0EA16FE8E5300310806 /* Managers */ = {
			isa = PBXGroup;
			children = (
				5509C0EB16FE8E6600310806 /* MMInstagramManager.h */,
				5509C0EC16FE8E6600310806 /* MMInstagramManager.m */,
				5509C0F816FE995B00310806 /* MMSearchManager.h */,
				5509C0F916FE995B00310806 /* MMSearchManager.m */,
			);
			name = Managers;
			sourceTree = "<group>";
		};
		5509C0F316FE90EF00310806 /* MMRecord */ = {
			isa = PBXGroup;
			children = (
				9FABD95E16FA85B100184BA5 /* MMInstagramRecord.h */,
				9FABD95F16FA85B100184BA5 /* MMInstagramRecord.m */,
				9FABD97316FA926200184BA5 /* Media+MMRecord.h */,
				9FABD97416FA926200184BA5 /* Media+MMRecord.m */,
			);
			name = MMRecord;
			sourceTree = "<group>";
		};
		5509C0F416FE910000310806 /* DataAccess */ = {
			isa = PBXGroup;
			children = (
				5509C0F516FE911300310806 /* Media+DataAccess.h */,
				5509C0F616FE911300310806 /* Media+DataAccess.m */,
			);
			name = DataAccess;
			sourceTree = "<group>";
		};
		5528733D16FD6324006AFD47 /* View */ = {
			isa = PBXGroup;
			children = (
				9FABD8ED16FA7EA000184BA5 /* MMViewController.h */,
				9FABD8EE16FA7EA000184BA5 /* MMViewController.m */,
				5509C0EE16FE902C00310806 /* MediaCell.h */,
				5509C0EF16FE902C00310806 /* MediaCell.m */,
				5509C0F116FE903F00310806 /* MediaCell.xib */,
			);
			name = View;
			sourceTree = "<group>";
		};
		5528733E16FD6351006AFD47 /* MMRecordDynamicModel */ = {
			isa = PBXGroup;
			children = (
				5528733F16FD6351006AFD47 /* MMRecordDynamicMarshaler.h */,
				5528734016FD6351006AFD47 /* MMRecordDynamicMarshaler.m */,
				5528734116FD6351006AFD47 /* MMRecordDynamicRepresentation.h */,
				5528734216FD6351006AFD47 /* MMRecordDynamicRepresentation.m */,
			);
			name = MMRecordDynamicModel;
			path = ../../../../../../Source/MMRecordDynamicModel;
			sourceTree = "<group>";
		};
		55C898B417068B2C004E3C50 /* Images */ = {
			isa = PBXGroup;
			children = (
				55C898B517068B2C004E3C50 /* Icon-72.png */,
				55C898B617068B2C004E3C50 /* Icon-72@2x.png */,
				55C898B717068B2C004E3C50 /* Icon-Small-50.png */,
				55C898B817068B2C004E3C50 /* Icon-Small-50@2x.png */,
				55C898B917068B2C004E3C50 /* Icon-Small.png */,
				55C898BA17068B2C004E3C50 /* Icon-Small@2x.png */,
				55C898BD17068B2C004E3C50 /* iTunesArtwork.png */,
				55C898BE17068B2C004E3C50 /* iTunesArtwork@2x.png */,
			);
			path = Images;
			sourceTree = "<group>";
		};
		9FABD89816FA7DC700184BA5 = {
			isa = PBXGroup;
			children = (
				9FABD8AA16FA7DC700184BA5 /* MMRecordInstagram */,
				9FABD8E816FA7E0B00184BA5 /* Libraries */,
				9FABD8A316FA7DC700184BA5 /* Frameworks */,
				9FABD8A216FA7DC700184BA5 /* Products */,
			);
			sourceTree = "<group>";
		};
		9FABD8A216FA7DC700184BA5 /* Products */ = {
			isa = PBXGroup;
			children = (
				9FABD8A116FA7DC700184BA5 /* MMRecordInstagram.app */,
			);
			name = Products;
			sourceTree = "<group>";
		};
		9FABD8A316FA7DC700184BA5 /* Frameworks */ = {
			isa = PBXGroup;
			children = (
				5528734916FD6395006AFD47 /* MobileCoreServices.framework */,
				5528734716FD6391006AFD47 /* SystemConfiguration.framework */,
				9FABD94F16FA80C600184BA5 /* CoreData.framework */,
				9FABD8A416FA7DC700184BA5 /* UIKit.framework */,
				9FABD8A616FA7DC700184BA5 /* Foundation.framework */,
				9FABD8A816FA7DC700184BA5 /* CoreGraphics.framework */,
				9FABD8C816FA7DC700184BA5 /* SenTestingKit.framework */,
			);
			name = Frameworks;
			sourceTree = "<group>";
		};
		9FABD8AA16FA7DC700184BA5 /* MMRecordInstagram */ = {
			isa = PBXGroup;
			children = (
				9FABD8EA16FA7EA000184BA5 /* Classes */,
				9FABD99E16FA966900184BA5 /* Vendor */,
				9FABD8F416FA7EEB00184BA5 /* SupportingFiles */,
				9FABD94A16FA801200184BA5 /* Resources */,
			);
			path = MMRecordInstagram;
			sourceTree = "<group>";
		};
		9FABD8E016FA7DD900184BA5 /* Products */ = {
			isa = PBXGroup;
			children = (
				9FABD8E416FA7DD900184BA5 /* libMMRecord.a */,
			);
			name = Products;
			sourceTree = "<group>";
		};
		9FABD8E816FA7E0B00184BA5 /* Libraries */ = {
			isa = PBXGroup;
			children = (
				9FABD8DF16FA7DD900184BA5 /* MMRecord.xcodeproj */,
			);
			name = Libraries;
			sourceTree = "<group>";
		};
		9FABD8EA16FA7EA000184BA5 /* Classes */ = {
			isa = PBXGroup;
			children = (
				9FABD9B316FA966A00184BA5 /* Communication */,
				9FABD95116FA84F600184BA5 /* Model */,
				5528733D16FD6324006AFD47 /* View */,
				9FABD8EB16FA7EA000184BA5 /* MMAppDelegate.h */,
				9FABD8EC16FA7EA000184BA5 /* MMAppDelegate.m */,
			);
			name = Classes;
			path = Source/Classes;
			sourceTree = "<group>";
		};
		9FABD8F416FA7EEB00184BA5 /* SupportingFiles */ = {
			isa = PBXGroup;
			children = (
				9FABD8F016FA7EA000184BA5 /* MMRecordInstagram-Prefix.pch */,
				9FABD8EF16FA7EA000184BA5 /* main.m */,
				9FABD8F516FA7EEB00184BA5 /* MMRecordInstagram-Info.plist */,
			);
			path = SupportingFiles;
			sourceTree = "<group>";
		};
		9FABD94A16FA801200184BA5 /* Resources */ = {
			isa = PBXGroup;
			children = (
				55C898B217068B05004E3C50 /* Icon@2x.png */,
				55C898B017068B00004E3C50 /* Icon.png */,
				55C898B417068B2C004E3C50 /* Images */,
				5528734516FD6371006AFD47 /* Default-568h@2x.png */,
			);
			path = Resources;
			sourceTree = "<group>";
		};
		9FABD95116FA84F600184BA5 /* Model */ = {
			isa = PBXGroup;
			children = (
				5509C0F416FE910000310806 /* DataAccess */,
				5509C0E916FE8E4200310806 /* Entities */,
				5509C0EA16FE8E5300310806 /* Managers */,
				5509C0F316FE90EF00310806 /* MMRecord */,
				9FABD94C16FA801300184BA5 /* MMRecordInstagram.xcdatamodeld */,
			);
			path = Model;
			sourceTree = "<group>";
		};
		9FABD97716FA93EF00184BA5 /* MMRecord */ = {
			isa = PBXGroup;
			children = (
				9FABD97816FA93EF00184BA5 /* MMRecord.h */,
				9FABD97916FA93EF00184BA5 /* MMRecord.m */,
				9FABD97A16FA93EF00184BA5 /* MMRecordCache.h */,
				9FABD97B16FA93EF00184BA5 /* MMRecordCache.m */,
				26ECD8A9195B3EA200DBB3C5 /* MMRecordDebugger.h */,
				26ECD8AA195B3EA200DBB3C5 /* MMRecordDebugger.m */,
				9FABD98316FA93EF00184BA5 /* MMRecordMarshaler.h */,
				9FABD98416FA93EF00184BA5 /* MMRecordMarshaler.m */,
				9FABD98816FA93EF00184BA5 /* MMRecordProtoRecord.h */,
				9FABD98916FA93EF00184BA5 /* MMRecordProtoRecord.m */,
				9FABD98A16FA93EF00184BA5 /* MMRecordRepresentation.h */,
				9FABD98B16FA93EF00184BA5 /* MMRecordRepresentation.m */,
				9FABD98C16FA93EF00184BA5 /* MMRecordResponse.h */,
				9FABD98D16FA93EF00184BA5 /* MMRecordResponse.m */,
				9FABD98E16FA93EF00184BA5 /* MMServer.h */,
				9FABD98F16FA93EF00184BA5 /* MMServer.m */,
				9FABD99016FA93EF00184BA5 /* MMServerPageManager.h */,
				9FABD99116FA93EF00184BA5 /* MMServerPageManager.m */,
			);
			name = MMRecord;
			path = ../../../../../../Source/MMRecord;
			sourceTree = "<group>";
		};
		9FABD99E16FA966900184BA5 /* Vendor */ = {
			isa = PBXGroup;
			children = (
				9FABD99F16FA966A00184BA5 /* AFNetworking */,
				9FABD97716FA93EF00184BA5 /* MMRecord */,
				5528733E16FD6351006AFD47 /* MMRecordDynamicModel */,
			);
			name = Vendor;
			path = Source/Classes/Vendor;
			sourceTree = "<group>";
		};
		9FABD99F16FA966A00184BA5 /* AFNetworking */ = {
			isa = PBXGroup;
			children = (
				9FABD9A016FA966A00184BA5 /* AFHTTPClient.h */,
				9FABD9A116FA966A00184BA5 /* AFHTTPClient.m */,
				9FABD9A216FA966A00184BA5 /* AFHTTPRequestOperation.h */,
				9FABD9A316FA966A00184BA5 /* AFHTTPRequestOperation.m */,
				9FABD9A416FA966A00184BA5 /* AFImageRequestOperation.h */,
				9FABD9A516FA966A00184BA5 /* AFImageRequestOperation.m */,
				9FABD9A616FA966A00184BA5 /* AFJSONRequestOperation.h */,
				9FABD9A716FA966A00184BA5 /* AFJSONRequestOperation.m */,
				9FABD9A816FA966A00184BA5 /* AFNetworkActivityIndicatorManager.h */,
				9FABD9A916FA966A00184BA5 /* AFNetworkActivityIndicatorManager.m */,
				9FABD9AA16FA966A00184BA5 /* AFNetworking.h */,
				9FABD9AB16FA966A00184BA5 /* AFPropertyListRequestOperation.h */,
				9FABD9AC16FA966A00184BA5 /* AFPropertyListRequestOperation.m */,
				9FABD9AD16FA966A00184BA5 /* AFURLConnectionOperation.h */,
				9FABD9AE16FA966A00184BA5 /* AFURLConnectionOperation.m */,
				9FABD9AF16FA966A00184BA5 /* AFXMLRequestOperation.h */,
				9FABD9B016FA966A00184BA5 /* AFXMLRequestOperation.m */,
				9FABD9B116FA966A00184BA5 /* UIImageView+AFNetworking.h */,
				9FABD9B216FA966A00184BA5 /* UIImageView+AFNetworking.m */,
			);
			path = AFNetworking;
			sourceTree = "<group>";
		};
		9FABD9B316FA966A00184BA5 /* Communication */ = {
			isa = PBXGroup;
			children = (
				9FABD9C316FA972A00184BA5 /* Instagram */,
			);
			path = Communication;
			sourceTree = "<group>";
		};
		9FABD9C316FA972A00184BA5 /* Instagram */ = {
			isa = PBXGroup;
			children = (
				9FABD9B616FA966A00184BA5 /* MMLiveServer.h */,
				9FABD9B716FA966A00184BA5 /* MMLiveServer.m */,
				9FABD9C416FA972A00184BA5 /* IGHTTPClient.h */,
				9FABD9C516FA972A00184BA5 /* IGHTTPClient.m */,
				5509C0FB16FE9A8700310806 /* MMInstagramPageManager.h */,
				5509C0FC16FE9A8700310806 /* MMInstagramPageManager.m */,
			);
			path = Instagram;
			sourceTree = "<group>";
		};
/* End PBXGroup section */

/* Begin PBXNativeTarget section */
		9FABD8A016FA7DC700184BA5 /* MMRecordInstagram */ = {
			isa = PBXNativeTarget;
			buildConfigurationList = 9FABD8D916FA7DC700184BA5 /* Build configuration list for PBXNativeTarget "MMRecordInstagram" */;
			buildPhases = (
				9FABD89D16FA7DC700184BA5 /* Sources */,
				9FABD89E16FA7DC700184BA5 /* Frameworks */,
				9FABD89F16FA7DC700184BA5 /* Resources */,
			);
			buildRules = (
			);
			dependencies = (
			);
			name = MMRecordInstagram;
			productName = MMRecordInstagram;
			productReference = 9FABD8A116FA7DC700184BA5 /* MMRecordInstagram.app */;
			productType = "com.apple.product-type.application";
		};
/* End PBXNativeTarget section */

/* Begin PBXProject section */
		9FABD89916FA7DC700184BA5 /* Project object */ = {
			isa = PBXProject;
			attributes = {
				CLASSPREFIX = MM;
				LastUpgradeCheck = 0460;
				ORGANIZATIONNAME = "Mutual Mobile";
			};
			buildConfigurationList = 9FABD89C16FA7DC700184BA5 /* Build configuration list for PBXProject "MMRecordInstagram" */;
			compatibilityVersion = "Xcode 3.2";
			developmentRegion = English;
			hasScannedForEncodings = 0;
			knownRegions = (
				en,
			);
			mainGroup = 9FABD89816FA7DC700184BA5;
			productRefGroup = 9FABD8A216FA7DC700184BA5 /* Products */;
			projectDirPath = "";
			projectReferences = (
				{
					ProductGroup = 9FABD8E016FA7DD900184BA5 /* Products */;
					ProjectRef = 9FABD8DF16FA7DD900184BA5 /* MMRecord.xcodeproj */;
				},
			);
			projectRoot = "";
			targets = (
				9FABD8A016FA7DC700184BA5 /* MMRecordInstagram */,
			);
		};
/* End PBXProject section */

/* Begin PBXReferenceProxy section */
		9FABD8E416FA7DD900184BA5 /* libMMRecord.a */ = {
			isa = PBXReferenceProxy;
			fileType = archive.ar;
			path = libMMRecord.a;
			remoteRef = 9FABD8E316FA7DD900184BA5 /* PBXContainerItemProxy */;
			sourceTree = BUILT_PRODUCTS_DIR;
		};
/* End PBXReferenceProxy section */

/* Begin PBXResourcesBuildPhase section */
		9FABD89F16FA7DC700184BA5 /* Resources */ = {
			isa = PBXResourcesBuildPhase;
			buildActionMask = 2147483647;
			files = (
				5528734616FD6371006AFD47 /* Default-568h@2x.png in Resources */,
				5509C0F216FE903F00310806 /* MediaCell.xib in Resources */,
				55C898B117068B00004E3C50 /* Icon.png in Resources */,
				55C898B317068B06004E3C50 /* Icon@2x.png in Resources */,
				55C898BF17068B2C004E3C50 /* Icon-72.png in Resources */,
				55C898C017068B2C004E3C50 /* Icon-72@2x.png in Resources */,
				55C898C117068B2C004E3C50 /* Icon-Small-50.png in Resources */,
				55C898C217068B2C004E3C50 /* Icon-Small-50@2x.png in Resources */,
				55C898C317068B2C004E3C50 /* Icon-Small.png in Resources */,
				55C898C417068B2C004E3C50 /* Icon-Small@2x.png in Resources */,
				55C898C717068B2C004E3C50 /* iTunesArtwork.png in Resources */,
				55C898C817068B2C004E3C50 /* iTunesArtwork@2x.png in Resources */,
			);
			runOnlyForDeploymentPostprocessing = 0;
		};
/* End PBXResourcesBuildPhase section */

/* Begin PBXSourcesBuildPhase section */
		9FABD89D16FA7DC700184BA5 /* Sources */ = {
			isa = PBXSourcesBuildPhase;
			buildActionMask = 2147483647;
			files = (
				9FABD8F116FA7EA000184BA5 /* MMAppDelegate.m in Sources */,
				9FABD8F216FA7EA000184BA5 /* MMViewController.m in Sources */,
				9FABD8F316FA7EA000184BA5 /* main.m in Sources */,
				9FABD94E16FA801300184BA5 /* MMRecordInstagram.xcdatamodeld in Sources */,
				9FABD95C16FA852C00184BA5 /* User.m in Sources */,
				9FABD95D16FA852C00184BA5 /* Media.m in Sources */,
				9FABD96016FA85B200184BA5 /* MMInstagramRecord.m in Sources */,
				9FABD97516FA926200184BA5 /* Media+MMRecord.m in Sources */,
				9FABD99216FA93EF00184BA5 /* MMRecord.m in Sources */,
				9FABD99316FA93EF00184BA5 /* MMRecordCache.m in Sources */,
				9FABD99716FA93EF00184BA5 /* MMRecordMarshaler.m in Sources */,
				9FABD99916FA93EF00184BA5 /* MMRecordProtoRecord.m in Sources */,
				9FABD99A16FA93EF00184BA5 /* MMRecordRepresentation.m in Sources */,
				9FABD99B16FA93EF00184BA5 /* MMRecordResponse.m in Sources */,
				9FABD99C16FA93EF00184BA5 /* MMServer.m in Sources */,
				9FABD99D16FA93EF00184BA5 /* MMServerPageManager.m in Sources */,
				9FABD9B816FA966A00184BA5 /* AFHTTPClient.m in Sources */,
				9FABD9B916FA966A00184BA5 /* AFHTTPRequestOperation.m in Sources */,
				9FABD9BA16FA966A00184BA5 /* AFImageRequestOperation.m in Sources */,
				26ECD8AB195B3EA200DBB3C5 /* MMRecordDebugger.m in Sources */,
				9FABD9BB16FA966A00184BA5 /* AFJSONRequestOperation.m in Sources */,
				9FABD9BC16FA966A00184BA5 /* AFNetworkActivityIndicatorManager.m in Sources */,
				9FABD9BD16FA966A00184BA5 /* AFPropertyListRequestOperation.m in Sources */,
				9FABD9BE16FA966A00184BA5 /* AFURLConnectionOperation.m in Sources */,
				9FABD9BF16FA966A00184BA5 /* AFXMLRequestOperation.m in Sources */,
				9FABD9C016FA966A00184BA5 /* UIImageView+AFNetworking.m in Sources */,
				9FABD9C216FA966A00184BA5 /* MMLiveServer.m in Sources */,
				9FABD9CD16FA972A00184BA5 /* IGHTTPClient.m in Sources */,
				5528734316FD6351006AFD47 /* MMRecordDynamicMarshaler.m in Sources */,
				5528734416FD6351006AFD47 /* MMRecordDynamicRepresentation.m in Sources */,
				5509C0ED16FE8E6600310806 /* MMInstagramManager.m in Sources */,
				5509C0F016FE902C00310806 /* MediaCell.m in Sources */,
				5509C0F716FE911300310806 /* Media+DataAccess.m in Sources */,
				5509C0FA16FE995B00310806 /* MMSearchManager.m in Sources */,
				5509C0FD16FE9A8800310806 /* MMInstagramPageManager.m in Sources */,
				5509C10016FE9F4100310806 /* Tag.m in Sources */,
			);
			runOnlyForDeploymentPostprocessing = 0;
		};
/* End PBXSourcesBuildPhase section */

/* Begin XCBuildConfiguration section */
		9FABD8D716FA7DC700184BA5 /* Debug */ = {
			isa = XCBuildConfiguration;
			buildSettings = {
				ALWAYS_SEARCH_USER_PATHS = NO;
				CLANG_CXX_LANGUAGE_STANDARD = "gnu++0x";
				CLANG_CXX_LIBRARY = "libc++";
				CLANG_ENABLE_OBJC_ARC = YES;
				CLANG_WARN_CONSTANT_CONVERSION = YES;
				CLANG_WARN_EMPTY_BODY = YES;
				CLANG_WARN_ENUM_CONVERSION = YES;
				CLANG_WARN_INT_CONVERSION = YES;
				CLANG_WARN__DUPLICATE_METHOD_MATCH = YES;
				"CODE_SIGN_IDENTITY[sdk=iphoneos*]" = "iPhone Developer";
				COPY_PHASE_STRIP = NO;
				GCC_C_LANGUAGE_STANDARD = gnu99;
				GCC_DYNAMIC_NO_PIC = NO;
				GCC_OPTIMIZATION_LEVEL = 0;
				GCC_PREPROCESSOR_DEFINITIONS = (
					"DEBUG=1",
					"$(inherited)",
				);
				GCC_SYMBOLS_PRIVATE_EXTERN = NO;
				GCC_WARN_ABOUT_RETURN_TYPE = YES;
				GCC_WARN_UNINITIALIZED_AUTOS = YES;
				GCC_WARN_UNUSED_VARIABLE = YES;
				IPHONEOS_DEPLOYMENT_TARGET = 6.1;
				ONLY_ACTIVE_ARCH = YES;
				SDKROOT = iphoneos;
			};
			name = Debug;
		};
		9FABD8D816FA7DC700184BA5 /* Release */ = {
			isa = XCBuildConfiguration;
			buildSettings = {
				ALWAYS_SEARCH_USER_PATHS = NO;
				CLANG_CXX_LANGUAGE_STANDARD = "gnu++0x";
				CLANG_CXX_LIBRARY = "libc++";
				CLANG_ENABLE_OBJC_ARC = YES;
				CLANG_WARN_CONSTANT_CONVERSION = YES;
				CLANG_WARN_EMPTY_BODY = YES;
				CLANG_WARN_ENUM_CONVERSION = YES;
				CLANG_WARN_INT_CONVERSION = YES;
				CLANG_WARN__DUPLICATE_METHOD_MATCH = YES;
				"CODE_SIGN_IDENTITY[sdk=iphoneos*]" = "iPhone Developer";
				COPY_PHASE_STRIP = YES;
				GCC_C_LANGUAGE_STANDARD = gnu99;
				GCC_WARN_ABOUT_RETURN_TYPE = YES;
				GCC_WARN_UNINITIALIZED_AUTOS = YES;
				GCC_WARN_UNUSED_VARIABLE = YES;
				IPHONEOS_DEPLOYMENT_TARGET = 6.1;
				OTHER_CFLAGS = "-DNS_BLOCK_ASSERTIONS=1";
				SDKROOT = iphoneos;
				VALIDATE_PRODUCT = YES;
			};
			name = Release;
		};
		9FABD8DA16FA7DC700184BA5 /* Debug */ = {
			isa = XCBuildConfiguration;
			buildSettings = {
				GCC_NO_COMMON_BLOCKS = YES;
				GCC_PRECOMPILE_PREFIX_HEADER = YES;
				GCC_PREFIX_HEADER = "MMRecordInstagram/Source/MMRecordInstagram-Prefix.pch";
				INFOPLIST_FILE = "MMRecordInstagram/SupportingFiles/MMRecordInstagram-Info.plist";
				IPHONEOS_DEPLOYMENT_TARGET = 6.1;
				PRODUCT_NAME = "$(TARGET_NAME)";
				TARGETED_DEVICE_FAMILY = "1,2";
				USER_HEADER_SEARCH_PATHS = "$(BUILT_PRODUCTS_DIR)/MMRecord/** $(BUILT_PRODUCTS_DIR)/**";
				WRAPPER_EXTENSION = app;
			};
			name = Debug;
		};
		9FABD8DB16FA7DC700184BA5 /* Release */ = {
			isa = XCBuildConfiguration;
			buildSettings = {
				CODE_SIGN_IDENTITY = "iPhone Distribution";
				"CODE_SIGN_IDENTITY[sdk=iphoneos*]" = "iPhone Distribution";
				GCC_NO_COMMON_BLOCKS = YES;
				GCC_PRECOMPILE_PREFIX_HEADER = YES;
				GCC_PREFIX_HEADER = "MMRecordInstagram/Source/MMRecordInstagram-Prefix.pch";
				INFOPLIST_FILE = "MMRecordInstagram/SupportingFiles/MMRecordInstagram-Info.plist";
				IPHONEOS_DEPLOYMENT_TARGET = 6.1;
				PRODUCT_NAME = "$(TARGET_NAME)";
				PROVISIONING_PROFILE = "";
				"PROVISIONING_PROFILE[sdk=iphoneos*]" = "";
				TARGETED_DEVICE_FAMILY = "1,2";
				USER_HEADER_SEARCH_PATHS = "$(BUILT_PRODUCTS_DIR)/MMRecord/** $(BUILT_PRODUCTS_DIR)/**";
				WRAPPER_EXTENSION = app;
			};
			name = Release;
		};
/* End XCBuildConfiguration section */

/* Begin XCConfigurationList section */
		9FABD89C16FA7DC700184BA5 /* Build configuration list for PBXProject "MMRecordInstagram" */ = {
			isa = XCConfigurationList;
			buildConfigurations = (
				9FABD8D716FA7DC700184BA5 /* Debug */,
				9FABD8D816FA7DC700184BA5 /* Release */,
			);
			defaultConfigurationIsVisible = 0;
			defaultConfigurationName = Release;
		};
		9FABD8D916FA7DC700184BA5 /* Build configuration list for PBXNativeTarget "MMRecordInstagram" */ = {
			isa = XCConfigurationList;
			buildConfigurations = (
				9FABD8DA16FA7DC700184BA5 /* Debug */,
				9FABD8DB16FA7DC700184BA5 /* Release */,
			);
			defaultConfigurationIsVisible = 0;
			defaultConfigurationName = Release;
		};
/* End XCConfigurationList section */

/* Begin XCVersionGroup section */
		9FABD94C16FA801300184BA5 /* MMRecordInstagram.xcdatamodeld */ = {
			isa = XCVersionGroup;
			children = (
				9FABD94D16FA801300184BA5 /* MMRecordInstagram.xcdatamodel */,
			);
			currentVersion = 9FABD94D16FA801300184BA5 /* MMRecordInstagram.xcdatamodel */;
			name = MMRecordInstagram.xcdatamodeld;
			path = ../../../Resources/Model/MMRecordInstagram.xcdatamodeld;
			sourceTree = "<group>";
			versionGroupType = wrapper.xcdatamodel;
		};
/* End XCVersionGroup section */
	};
	rootObject = 9FABD89916FA7DC700184BA5 /* Project object */;
}
